# Generated by pub
# See http://pub.dartlang.org/doc/glossary.html#lockfile

{"packages":{"logging":{"version":"0.5.1","source":"hosted","description":"logging"},"meta":{"version":"0.5.1","source":"hosted","description":"meta"},"unittest":{"version":"0.5.1","source":"hosted","description":"unittest"}}}
